// !$*UTF8*$!
{
	archiveVersion = 1;
	classes = {
	};
	objectVersion = 56;
	objects = {

/* Begin PBXBuildFile section */
		2A12D75BCB8D1E15350B87DA /* Pods_BikeDangerAreaAlert.framework in Frameworks */ = {isa = PBXBuildFile; fileRef = E04174E98F5C7A0FADFB7F07 /* Pods_BikeDangerAreaAlert.framework */; };
		8F08026C29A5FE9300C7E86D /* InfoCell.swift in Sources */ = {isa = PBXBuildFile; fileRef = 8F08026B29A5FE9300C7E86D /* InfoCell.swift */; };
		8F199A1C29E3C45800054D2B /* 개인정보처리방침.html in Resources */ = {isa = PBXBuildFile; fileRef = 8F199A1B29E3C45800054D2B /* 개인정보처리방침.html */; };
		8F2B2CA4299CECA900D4015A /* AppDelegate.swift in Sources */ = {isa = PBXBuildFile; fileRef = 8F2B2CA3299CECA900D4015A /* AppDelegate.swift */; };
		8F2B2CA6299CECA900D4015A /* SceneDelegate.swift in Sources */ = {isa = PBXBuildFile; fileRef = 8F2B2CA5299CECA900D4015A /* SceneDelegate.swift */; };
		8F2B2CA8299CECA900D4015A /* MapController.swift in Sources */ = {isa = PBXBuildFile; fileRef = 8F2B2CA7299CECA900D4015A /* MapController.swift */; };
		8F2B2CAB299CECA900D4015A /* Main.storyboard in Resources */ = {isa = PBXBuildFile; fileRef = 8F2B2CA9299CECA900D4015A /* Main.storyboard */; };
		8F2B2CB0299CECAB00D4015A /* LaunchScreen.storyboard in Resources */ = {isa = PBXBuildFile; fileRef = 8F2B2CAE299CECAB00D4015A /* LaunchScreen.storyboard */; };
		8F2B2CB8299CECB400D4015A /* Data.swift in Sources */ = {isa = PBXBuildFile; fileRef = 8F2B2CB7299CECB400D4015A /* Data.swift */; };
		8F2B2CBA299CECBA00D4015A /* DataManager.swift in Sources */ = {isa = PBXBuildFile; fileRef = 8F2B2CB9299CECBA00D4015A /* DataManager.swift */; };
		8F2B2CBC299CED0C00D4015A /* InfoController.swift in Sources */ = {isa = PBXBuildFile; fileRef = 8F2B2CBB299CED0C00D4015A /* InfoController.swift */; };
		8F2B2CC0299D167D00D4015A /* MainTabController.swift in Sources */ = {isa = PBXBuildFile; fileRef = 8F2B2CBF299D167D00D4015A /* MainTabController.swift */; };
		8F2B2CC2299F097F00D4015A /* SettingController.swift in Sources */ = {isa = PBXBuildFile; fileRef = 8F2B2CC1299F097F00D4015A /* SettingController.swift */; };
		8F40EB6C29A8FE60006671D6 /* Assets.xcassets in Resources */ = {isa = PBXBuildFile; fileRef = 8F2B2CAC299CECAB00D4015A /* Assets.xcassets */; };
		8FB6AA6C29A3949C00A18C87 /* PolicyController.swift in Sources */ = {isa = PBXBuildFile; fileRef = 8FB6AA6B29A3949C00A18C87 /* PolicyController.swift */; };
/* End PBXBuildFile section */

/* Begin PBXFileReference section */
		5F8D16B1C66FFCBC95DC39A0 /* Pods-BikeDangerAreaAlert.debug.xcconfig */ = {isa = PBXFileReference; includeInIndex = 1; lastKnownFileType = text.xcconfig; name = "Pods-BikeDangerAreaAlert.debug.xcconfig"; path = "Target Support Files/Pods-BikeDangerAreaAlert/Pods-BikeDangerAreaAlert.debug.xcconfig"; sourceTree = "<group>"; };
		8F08026B29A5FE9300C7E86D /* InfoCell.swift */ = {isa = PBXFileReference; lastKnownFileType = sourcecode.swift; path = InfoCell.swift; sourceTree = "<group>"; };
		8F199A1B29E3C45800054D2B /* 개인정보처리방침.html */ = {isa = PBXFileReference; fileEncoding = 4; lastKnownFileType = text.html; path = "개인정보처리방침.html"; sourceTree = "<group>"; };
		8F230ED482F0407AB5674512 /* Pods-BikeDangerAreaAlert.release.xcconfig */ = {isa = PBXFileReference; includeInIndex = 1; lastKnownFileType = text.xcconfig; name = "Pods-BikeDangerAreaAlert.release.xcconfig"; path = "Target Support Files/Pods-BikeDangerAreaAlert/Pods-BikeDangerAreaAlert.release.xcconfig"; sourceTree = "<group>"; };
		8F2B2CA0299CECA900D4015A /* BikeDangerAreaAlert.app */ = {isa = PBXFileReference; explicitFileType = wrapper.application; includeInIndex = 0; path = BikeDangerAreaAlert.app; sourceTree = BUILT_PRODUCTS_DIR; };
		8F2B2CA3299CECA900D4015A /* AppDelegate.swift */ = {isa = PBXFileReference; lastKnownFileType = sourcecode.swift; path = AppDelegate.swift; sourceTree = "<group>"; };
		8F2B2CA5299CECA900D4015A /* SceneDelegate.swift */ = {isa = PBXFileReference; lastKnownFileType = sourcecode.swift; path = SceneDelegate.swift; sourceTree = "<group>"; };
		8F2B2CA7299CECA900D4015A /* MapController.swift */ = {isa = PBXFileReference; lastKnownFileType = sourcecode.swift; path = MapController.swift; sourceTree = "<group>"; };
		8F2B2CAA299CECA900D4015A /* Base */ = {isa = PBXFileReference; lastKnownFileType = file.storyboard; name = Base; path = Base.lproj/Main.storyboard; sourceTree = "<group>"; };
		8F2B2CAC299CECAB00D4015A /* Assets.xcassets */ = {isa = PBXFileReference; lastKnownFileType = folder.assetcatalog; path = Assets.xcassets; sourceTree = "<group>"; };
		8F2B2CAF299CECAB00D4015A /* Base */ = {isa = PBXFileReference; lastKnownFileType = file.storyboard; name = Base; path = Base.lproj/LaunchScreen.storyboard; sourceTree = "<group>"; };
		8F2B2CB1299CECAB00D4015A /* Info.plist */ = {isa = PBXFileReference; lastKnownFileType = text.plist.xml; path = Info.plist; sourceTree = "<group>"; };
		8F2B2CB7299CECB400D4015A /* Data.swift */ = {isa = PBXFileReference; lastKnownFileType = sourcecode.swift; path = Data.swift; sourceTree = "<group>"; };
		8F2B2CB9299CECBA00D4015A /* DataManager.swift */ = {isa = PBXFileReference; lastKnownFileType = sourcecode.swift; path = DataManager.swift; sourceTree = "<group>"; };
		8F2B2CBB299CED0C00D4015A /* InfoController.swift */ = {isa = PBXFileReference; lastKnownFileType = sourcecode.swift; path = InfoController.swift; sourceTree = "<group>"; };
		8F2B2CBF299D167D00D4015A /* MainTabController.swift */ = {isa = PBXFileReference; lastKnownFileType = sourcecode.swift; path = MainTabController.swift; sourceTree = "<group>"; };
		8F2B2CC1299F097F00D4015A /* SettingController.swift */ = {isa = PBXFileReference; lastKnownFileType = sourcecode.swift; path = SettingController.swift; sourceTree = "<group>"; };
		8FB6AA6B29A3949C00A18C87 /* PolicyController.swift */ = {isa = PBXFileReference; lastKnownFileType = sourcecode.swift; path = PolicyController.swift; sourceTree = "<group>"; };
		E04174E98F5C7A0FADFB7F07 /* Pods_BikeDangerAreaAlert.framework */ = {isa = PBXFileReference; explicitFileType = wrapper.framework; includeInIndex = 0; path = Pods_BikeDangerAreaAlert.framework; sourceTree = BUILT_PRODUCTS_DIR; };
/* End PBXFileReference section */

/* Begin PBXFrameworksBuildPhase section */
		8F2B2C9D299CECA900D4015A /* Frameworks */ = {
			isa = PBXFrameworksBuildPhase;
			buildActionMask = 2147483647;
			files = (
				2A12D75BCB8D1E15350B87DA /* Pods_BikeDangerAreaAlert.framework in Frameworks */,
			);
			runOnlyForDeploymentPostprocessing = 0;
		};
/* End PBXFrameworksBuildPhase section */

/* Begin PBXGroup section */
		72989F60E859069F87D54349 /* Pods */ = {
			isa = PBXGroup;
			children = (
				5F8D16B1C66FFCBC95DC39A0 /* Pods-BikeDangerAreaAlert.debug.xcconfig */,
				8F230ED482F0407AB5674512 /* Pods-BikeDangerAreaAlert.release.xcconfig */,
			);
			path = Pods;
			sourceTree = "<group>";
		};
		8F2B2C97299CECA900D4015A = {
			isa = PBXGroup;
			children = (
				8F2B2CA2299CECA900D4015A /* BikeDangerAreaAlert */,
				8F2B2CA1299CECA900D4015A /* Products */,
				72989F60E859069F87D54349 /* Pods */,
				AC2FA6532691E39CDE870950 /* Frameworks */,
			);
			sourceTree = "<group>";
		};
		8F2B2CA1299CECA900D4015A /* Products */ = {
			isa = PBXGroup;
			children = (
				8F2B2CA0299CECA900D4015A /* BikeDangerAreaAlert.app */,
			);
			name = Products;
			sourceTree = "<group>";
		};
		8F2B2CA2299CECA900D4015A /* BikeDangerAreaAlert */ = {
			isa = PBXGroup;
			children = (
				8F2B2CA3299CECA900D4015A /* AppDelegate.swift */,
				8F2B2CA5299CECA900D4015A /* SceneDelegate.swift */,
				8FD58C5129E3B678008A0EB0 /* Model */,
				8FD58C5229E3B67E008A0EB0 /* View */,
				8FD58C5329E3B687008A0EB0 /* Controller */,
				8F2B2CA9299CECA900D4015A /* Main.storyboard */,
				8F2B2CAC299CECAB00D4015A /* Assets.xcassets */,
				8F2B2CAE299CECAB00D4015A /* LaunchScreen.storyboard */,
				8F2B2CB1299CECAB00D4015A /* Info.plist */,
				8F199A1B29E3C45800054D2B /* 개인정보처리방침.html */,
			);
			path = BikeDangerAreaAlert;
			sourceTree = "<group>";
		};
		8FD58C5129E3B678008A0EB0 /* Model */ = {
			isa = PBXGroup;
			children = (
				8F2B2CB7299CECB400D4015A /* Data.swift */,
				8F2B2CB9299CECBA00D4015A /* DataManager.swift */,
			);
			path = Model;
			sourceTree = "<group>";
		};
		8FD58C5229E3B67E008A0EB0 /* View */ = {
			isa = PBXGroup;
			children = (
				8F08026B29A5FE9300C7E86D /* InfoCell.swift */,
			);
			path = View;
			sourceTree = "<group>";
		};
		8FD58C5329E3B687008A0EB0 /* Controller */ = {
			isa = PBXGroup;
			children = (
				8F2B2CBF299D167D00D4015A /* MainTabController.swift */,
				8F2B2CA7299CECA900D4015A /* MapController.swift */,
				8F2B2CBB299CED0C00D4015A /* InfoController.swift */,
				8F2B2CC1299F097F00D4015A /* SettingController.swift */,
				8FB6AA6B29A3949C00A18C87 /* PolicyController.swift */,
			);
			path = Controller;
			sourceTree = "<group>";
		};
		AC2FA6532691E39CDE870950 /* Frameworks */ = {
			isa = PBXGroup;
			children = (
				E04174E98F5C7A0FADFB7F07 /* Pods_BikeDangerAreaAlert.framework */,
			);
			name = Frameworks;
			sourceTree = "<group>";
		};
/* End PBXGroup section */

/* Begin PBXNativeTarget section */
		8F2B2C9F299CECA900D4015A /* BikeDangerAreaAlert */ = {
			isa = PBXNativeTarget;
			buildConfigurationList = 8F2B2CB4299CECAB00D4015A /* Build configuration list for PBXNativeTarget "BikeDangerAreaAlert" */;
			buildPhases = (
				67847FB08FE4427642A02875 /* [CP] Check Pods Manifest.lock */,
				8F2B2C9C299CECA900D4015A /* Sources */,
				8F2B2C9D299CECA900D4015A /* Frameworks */,
				8F2B2C9E299CECA900D4015A /* Resources */,
				554DEFED995E8C65E0527E3D /* [CP] Embed Pods Frameworks */,
			);
			buildRules = (
			);
			dependencies = (
			);
			name = BikeDangerAreaAlert;
			productName = BikeDangerAreaAlert;
			productReference = 8F2B2CA0299CECA900D4015A /* BikeDangerAreaAlert.app */;
			productType = "com.apple.product-type.application";
		};
/* End PBXNativeTarget section */

/* Begin PBXProject section */
		8F2B2C98299CECA900D4015A /* Project object */ = {
			isa = PBXProject;
			attributes = {
				BuildIndependentTargetsInParallel = 1;
				LastSwiftUpdateCheck = 1420;
				LastUpgradeCheck = 1420;
				TargetAttributes = {
					8F2B2C9F299CECA900D4015A = {
						CreatedOnToolsVersion = 14.2;
					};
				};
			};
			buildConfigurationList = 8F2B2C9B299CECA900D4015A /* Build configuration list for PBXProject "BikeDangerAreaAlert" */;
			compatibilityVersion = "Xcode 14.0";
			developmentRegion = en;
			hasScannedForEncodings = 0;
			knownRegions = (
				en,
				Base,
			);
			mainGroup = 8F2B2C97299CECA900D4015A;
			productRefGroup = 8F2B2CA1299CECA900D4015A /* Products */;
			projectDirPath = "";
			projectRoot = "";
			targets = (
				8F2B2C9F299CECA900D4015A /* BikeDangerAreaAlert */,
			);
		};
/* End PBXProject section */

/* Begin PBXResourcesBuildPhase section */
		8F2B2C9E299CECA900D4015A /* Resources */ = {
			isa = PBXResourcesBuildPhase;
			buildActionMask = 2147483647;
			files = (
				8F199A1C29E3C45800054D2B /* 개인정보처리방침.html in Resources */,
				8F2B2CB0299CECAB00D4015A /* LaunchScreen.storyboard in Resources */,
				8F40EB6C29A8FE60006671D6 /* Assets.xcassets in Resources */,
				8F2B2CAB299CECA900D4015A /* Main.storyboard in Resources */,
			);
			runOnlyForDeploymentPostprocessing = 0;
		};
/* End PBXResourcesBuildPhase section */

/* Begin PBXShellScriptBuildPhase section */
		554DEFED995E8C65E0527E3D /* [CP] Embed Pods Frameworks */ = {
			isa = PBXShellScriptBuildPhase;
			buildActionMask = 2147483647;
			files = (
			);
			inputFileListPaths = (
				"${PODS_ROOT}/Target Support Files/Pods-BikeDangerAreaAlert/Pods-BikeDangerAreaAlert-frameworks-${CONFIGURATION}-input-files.xcfilelist",
			);
			name = "[CP] Embed Pods Frameworks";
			outputFileListPaths = (
				"${PODS_ROOT}/Target Support Files/Pods-BikeDangerAreaAlert/Pods-BikeDangerAreaAlert-frameworks-${CONFIGURATION}-output-files.xcfilelist",
			);
			runOnlyForDeploymentPostprocessing = 0;
			shellPath = /bin/sh;
			shellScript = "\"${PODS_ROOT}/Target Support Files/Pods-BikeDangerAreaAlert/Pods-BikeDangerAreaAlert-frameworks.sh\"\n";
			showEnvVarsInLog = 0;
		};
		67847FB08FE4427642A02875 /* [CP] Check Pods Manifest.lock */ = {
			isa = PBXShellScriptBuildPhase;
			buildActionMask = 2147483647;
			files = (
			);
			inputFileListPaths = (
			);
			inputPaths = (
				"${PODS_PODFILE_DIR_PATH}/Podfile.lock",
				"${PODS_ROOT}/Manifest.lock",
			);
			name = "[CP] Check Pods Manifest.lock";
			outputFileListPaths = (
			);
			outputPaths = (
				"$(DERIVED_FILE_DIR)/Pods-BikeDangerAreaAlert-checkManifestLockResult.txt",
			);
			runOnlyForDeploymentPostprocessing = 0;
			shellPath = /bin/sh;
			shellScript = "diff \"${PODS_PODFILE_DIR_PATH}/Podfile.lock\" \"${PODS_ROOT}/Manifest.lock\" > /dev/null\nif [ $? != 0 ] ; then\n    # print error to STDERR\n    echo \"error: The sandbox is not in sync with the Podfile.lock. Run 'pod install' or update your CocoaPods installation.\" >&2\n    exit 1\nfi\n# This output is used by Xcode 'outputs' to avoid re-running this script phase.\necho \"SUCCESS\" > \"${SCRIPT_OUTPUT_FILE_0}\"\n";
			showEnvVarsInLog = 0;
		};
/* End PBXShellScriptBuildPhase section */

/* Begin PBXSourcesBuildPhase section */
		8F2B2C9C299CECA900D4015A /* Sources */ = {
			isa = PBXSourcesBuildPhase;
			buildActionMask = 2147483647;
			files = (
				8F2B2CA8299CECA900D4015A /* MapController.swift in Sources */,
				8F2B2CC0299D167D00D4015A /* MainTabController.swift in Sources */,
				8F2B2CBA299CECBA00D4015A /* DataManager.swift in Sources */,
				8F2B2CA4299CECA900D4015A /* AppDelegate.swift in Sources */,
				8F2B2CC2299F097F00D4015A /* SettingController.swift in Sources */,
				8F2B2CA6299CECA900D4015A /* SceneDelegate.swift in Sources */,
				8F2B2CBC299CED0C00D4015A /* InfoController.swift in Sources */,
				8F2B2CB8299CECB400D4015A /* Data.swift in Sources */,
				8FB6AA6C29A3949C00A18C87 /* PolicyController.swift in Sources */,
				8F08026C29A5FE9300C7E86D /* InfoCell.swift in Sources */,
			);
			runOnlyForDeploymentPostprocessing = 0;
		};
/* End PBXSourcesBuildPhase section */

/* Begin PBXVariantGroup section */
		8F2B2CA9299CECA900D4015A /* Main.storyboard */ = {
			isa = PBXVariantGroup;
			children = (
				8F2B2CAA299CECA900D4015A /* Base */,
			);
			name = Main.storyboard;
			sourceTree = "<group>";
		};
		8F2B2CAE299CECAB00D4015A /* LaunchScreen.storyboard */ = {
			isa = PBXVariantGroup;
			children = (
				8F2B2CAF299CECAB00D4015A /* Base */,
			);
			name = LaunchScreen.storyboard;
			sourceTree = "<group>";
		};
/* End PBXVariantGroup section */

/* Begin XCBuildConfiguration section */
		8F2B2CB2299CECAB00D4015A /* Debug */ = {
			isa = XCBuildConfiguration;
			buildSettings = {
				ALWAYS_SEARCH_USER_PATHS = NO;
				CLANG_ANALYZER_NONNULL = YES;
				CLANG_ANALYZER_NUMBER_OBJECT_CONVERSION = YES_AGGRESSIVE;
				CLANG_CXX_LANGUAGE_STANDARD = "gnu++20";
				CLANG_ENABLE_MODULES = YES;
				CLANG_ENABLE_OBJC_ARC = YES;
				CLANG_ENABLE_OBJC_WEAK = YES;
				CLANG_WARN_BLOCK_CAPTURE_AUTORELEASING = YES;
				CLANG_WARN_BOOL_CONVERSION = YES;
				CLANG_WARN_COMMA = YES;
				CLANG_WARN_CONSTANT_CONVERSION = YES;
				CLANG_WARN_DEPRECATED_OBJC_IMPLEMENTATIONS = YES;
				CLANG_WARN_DIRECT_OBJC_ISA_USAGE = YES_ERROR;
				CLANG_WARN_DOCUMENTATION_COMMENTS = YES;
				CLANG_WARN_EMPTY_BODY = YES;
				CLANG_WARN_ENUM_CONVERSION = YES;
				CLANG_WARN_INFINITE_RECURSION = YES;
				CLANG_WARN_INT_CONVERSION = YES;
				CLANG_WARN_NON_LITERAL_NULL_CONVERSION = YES;
				CLANG_WARN_OBJC_IMPLICIT_RETAIN_SELF = YES;
				CLANG_WARN_OBJC_LITERAL_CONVERSION = YES;
				CLANG_WARN_OBJC_ROOT_CLASS = YES_ERROR;
				CLANG_WARN_QUOTED_INCLUDE_IN_FRAMEWORK_HEADER = YES;
				CLANG_WARN_RANGE_LOOP_ANALYSIS = YES;
				CLANG_WARN_STRICT_PROTOTYPES = YES;
				CLANG_WARN_SUSPICIOUS_MOVE = YES;
				CLANG_WARN_UNGUARDED_AVAILABILITY = YES_AGGRESSIVE;
				CLANG_WARN_UNREACHABLE_CODE = YES;
				CLANG_WARN__DUPLICATE_METHOD_MATCH = YES;
				COPY_PHASE_STRIP = NO;
				DEBUG_INFORMATION_FORMAT = dwarf;
				ENABLE_STRICT_OBJC_MSGSEND = YES;
				ENABLE_TESTABILITY = YES;
				GCC_C_LANGUAGE_STANDARD = gnu11;
				GCC_DYNAMIC_NO_PIC = NO;
				GCC_NO_COMMON_BLOCKS = YES;
				GCC_OPTIMIZATION_LEVEL = 0;
				GCC_PREPROCESSOR_DEFINITIONS = (
					"DEBUG=1",
					"$(inherited)",
				);
				GCC_WARN_64_TO_32_BIT_CONVERSION = YES;
				GCC_WARN_ABOUT_RETURN_TYPE = YES_ERROR;
				GCC_WARN_UNDECLARED_SELECTOR = YES;
				GCC_WARN_UNINITIALIZED_AUTOS = YES_AGGRESSIVE;
				GCC_WARN_UNUSED_FUNCTION = YES;
				GCC_WARN_UNUSED_VARIABLE = YES;
				IPHONEOS_DEPLOYMENT_TARGET = 11.0;
				MTL_ENABLE_DEBUG_INFO = INCLUDE_SOURCE;
				MTL_FAST_MATH = YES;
				ONLY_ACTIVE_ARCH = YES;
				SDKROOT = iphoneos;
				SWIFT_ACTIVE_COMPILATION_CONDITIONS = DEBUG;
				SWIFT_OPTIMIZATION_LEVEL = "-Onone";
			};
			name = Debug;
		};
		8F2B2CB3299CECAB00D4015A /* Release */ = {
			isa = XCBuildConfiguration;
			buildSettings = {
				ALWAYS_SEARCH_USER_PATHS = NO;
				CLANG_ANALYZER_NONNULL = YES;
				CLANG_ANALYZER_NUMBER_OBJECT_CONVERSION = YES_AGGRESSIVE;
				CLANG_CXX_LANGUAGE_STANDARD = "gnu++20";
				CLANG_ENABLE_MODULES = YES;
				CLANG_ENABLE_OBJC_ARC = YES;
				CLANG_ENABLE_OBJC_WEAK = YES;
				CLANG_WARN_BLOCK_CAPTURE_AUTORELEASING = YES;
				CLANG_WARN_BOOL_CONVERSION = YES;
				CLANG_WARN_COMMA = YES;
				CLANG_WARN_CONSTANT_CONVERSION = YES;
				CLANG_WARN_DEPRECATED_OBJC_IMPLEMENTATIONS = YES;
				CLANG_WARN_DIRECT_OBJC_ISA_USAGE = YES_ERROR;
				CLANG_WARN_DOCUMENTATION_COMMENTS = YES;
				CLANG_WARN_EMPTY_BODY = YES;
				CLANG_WARN_ENUM_CONVERSION = YES;
				CLANG_WARN_INFINITE_RECURSION = YES;
				CLANG_WARN_INT_CONVERSION = YES;
				CLANG_WARN_NON_LITERAL_NULL_CONVERSION = YES;
				CLANG_WARN_OBJC_IMPLICIT_RETAIN_SELF = YES;
				CLANG_WARN_OBJC_LITERAL_CONVERSION = YES;
				CLANG_WARN_OBJC_ROOT_CLASS = YES_ERROR;
				CLANG_WARN_QUOTED_INCLUDE_IN_FRAMEWORK_HEADER = YES;
				CLANG_WARN_RANGE_LOOP_ANALYSIS = YES;
				CLANG_WARN_STRICT_PROTOTYPES = YES;
				CLANG_WARN_SUSPICIOUS_MOVE = YES;
				CLANG_WARN_UNGUARDED_AVAILABILITY = YES_AGGRESSIVE;
				CLANG_WARN_UNREACHABLE_CODE = YES;
				CLANG_WARN__DUPLICATE_METHOD_MATCH = YES;
				COPY_PHASE_STRIP = NO;
				DEBUG_INFORMATION_FORMAT = "dwarf-with-dsym";
				ENABLE_NS_ASSERTIONS = NO;
				ENABLE_STRICT_OBJC_MSGSEND = YES;
				GCC_C_LANGUAGE_STANDARD = gnu11;
				GCC_NO_COMMON_BLOCKS = YES;
				GCC_WARN_64_TO_32_BIT_CONVERSION = YES;
				GCC_WARN_ABOUT_RETURN_TYPE = YES_ERROR;
				GCC_WARN_UNDECLARED_SELECTOR = YES;
				GCC_WARN_UNINITIALIZED_AUTOS = YES_AGGRESSIVE;
				GCC_WARN_UNUSED_FUNCTION = YES;
				GCC_WARN_UNUSED_VARIABLE = YES;
				IPHONEOS_DEPLOYMENT_TARGET = 11.0;
				MTL_ENABLE_DEBUG_INFO = NO;
				MTL_FAST_MATH = YES;
				SDKROOT = iphoneos;
				SWIFT_COMPILATION_MODE = wholemodule;
				SWIFT_OPTIMIZATION_LEVEL = "-O";
				VALIDATE_PRODUCT = YES;
			};
			name = Release;
		};
		8F2B2CB5299CECAB00D4015A /* Debug */ = {
			isa = XCBuildConfiguration;
			baseConfigurationReference = 5F8D16B1C66FFCBC95DC39A0 /* Pods-BikeDangerAreaAlert.debug.xcconfig */;
			buildSettings = {
				ASSETCATALOG_COMPILER_APPICON_NAME = AppIcon;
				ASSETCATALOG_COMPILER_GLOBAL_ACCENT_COLOR_NAME = AccentColor;
				CODE_SIGN_IDENTITY = "Apple Development";
				CODE_SIGN_STYLE = Automatic;
				CURRENT_PROJECT_VERSION = 1;
				DEVELOPMENT_TEAM = 89BLGRU39K;
				GENERATE_INFOPLIST_FILE = YES;
				INFOPLIST_FILE = BikeDangerAreaAlert/Info.plist;
				INFOPLIST_KEY_NSLocationAlwaysAndWhenInUseUsageDescription = "내 위치 확인을 위해 권한이 필요합니다.";
				INFOPLIST_KEY_NSLocationAlwaysUsageDescription = "내 위치 확인을 위해 권한이 필요합니다.";
				INFOPLIST_KEY_NSLocationWhenInUseUsageDescription = "내 위치 확인을 위해 권한이 필요합니다.";
				INFOPLIST_KEY_UIApplicationSupportsIndirectInputEvents = YES;
				INFOPLIST_KEY_UILaunchStoryboardName = LaunchScreen;
				INFOPLIST_KEY_UIMainStoryboardFile = Main;
				INFOPLIST_KEY_UISupportedInterfaceOrientations_iPad = "UIInterfaceOrientationPortrait UIInterfaceOrientationPortraitUpsideDown UIInterfaceOrientationLandscapeLeft UIInterfaceOrientationLandscapeRight";
				INFOPLIST_KEY_UISupportedInterfaceOrientations_iPhone = "UIInterfaceOrientationPortrait UIInterfaceOrientationLandscapeLeft UIInterfaceOrientationLandscapeRight";
				IPHONEOS_DEPLOYMENT_TARGET = 15.0;
				LD_RUNPATH_SEARCH_PATHS = (
					"$(inherited)",
					"@executable_path/Frameworks",
				);
				MARKETING_VERSION = 1.0;
				PRODUCT_BUNDLE_IDENTIFIER = com.hsuuuk.BikeDangerAreaAlert;
				PRODUCT_NAME = "$(TARGET_NAME)";
				PROVISIONING_PROFILE_SPECIFIER = "";
				SWIFT_EMIT_LOC_STRINGS = YES;
				SWIFT_VERSION = 5.0;
				TARGETED_DEVICE_FAMILY = "1,2";
			};
			name = Debug;
		};
		8F2B2CB6299CECAB00D4015A /* Release */ = {
			isa = XCBuildConfiguration;
			baseConfigurationReference = 8F230ED482F0407AB5674512 /* Pods-BikeDangerAreaAlert.release.xcconfig */;
			buildSettings = {
				ASSETCATALOG_COMPILER_APPICON_NAME = AppIcon;
				ASSETCATALOG_COMPILER_GLOBAL_ACCENT_COLOR_NAME = AccentColor;
				CODE_SIGN_IDENTITY = "Apple Development";
				CODE_SIGN_STYLE = Automatic;
				CURRENT_PROJECT_VERSION = 1;
				DEVELOPMENT_TEAM = 89BLGRU39K;
				GENERATE_INFOPLIST_FILE = YES;
				INFOPLIST_FILE = BikeDangerAreaAlert/Info.plist;
				INFOPLIST_KEY_NSLocationAlwaysAndWhenInUseUsageDescription = "내 위치 확인을 위해 권한이 필요합니다.";
				INFOPLIST_KEY_NSLocationAlwaysUsageDescription = "내 위치 확인을 위해 권한이 필요합니다.";
				INFOPLIST_KEY_NSLocationWhenInUseUsageDescription = "내 위치 확인을 위해 권한이 필요합니다.";
				INFOPLIST_KEY_UIApplicationSupportsIndirectInputEvents = YES;
				INFOPLIST_KEY_UILaunchStoryboardName = LaunchScreen;
				INFOPLIST_KEY_UIMainStoryboardFile = Main;
				INFOPLIST_KEY_UISupportedInterfaceOrientations_iPad = "UIInterfaceOrientationPortrait UIInterfaceOrientationPortraitUpsideDown UIInterfaceOrientationLandscapeLeft UIInterfaceOrientationLandscapeRight";
				INFOPLIST_KEY_UISupportedInterfaceOrientations_iPhone = "UIInterfaceOrientationPortrait UIInterfaceOrientationLandscapeLeft UIInterfaceOrientationLandscapeRight";
				IPHONEOS_DEPLOYMENT_TARGET = 15.0;
				LD_RUNPATH_SEARCH_PATHS = (
					"$(inherited)",
					"@executable_path/Frameworks",
				);
				MARKETING_VERSION = 1.0;
				PRODUCT_BUNDLE_IDENTIFIER = com.hsuuuk.BikeDangerAreaAlert;
				PRODUCT_NAME = "$(TARGET_NAME)";
				PROVISIONING_PROFILE_SPECIFIER = "";
				SWIFT_EMIT_LOC_STRINGS = YES;
				SWIFT_VERSION = 5.0;
				TARGETED_DEVICE_FAMILY = "1,2";
			};
			name = Release;
		};
/* End XCBuildConfiguration section */

/* Begin XCConfigurationList section */
		8F2B2C9B299CECA900D4015A /* Build configuration list for PBXProject "BikeDangerAreaAlert" */ = {
			isa = XCConfigurationList;
			buildConfigurations = (
				8F2B2CB2299CECAB00D4015A /* Debug */,
				8F2B2CB3299CECAB00D4015A /* Release */,
			);
			defaultConfigurationIsVisible = 0;
			defaultConfigurationName = Release;
		};
		8F2B2CB4299CECAB00D4015A /* Build configuration list for PBXNativeTarget "BikeDangerAreaAlert" */ = {
			isa = XCConfigurationList;
			buildConfigurations = (
				8F2B2CB5299CECAB00D4015A /* Debug */,
				8F2B2CB6299CECAB00D4015A /* Release */,
			);
			defaultConfigurationIsVisible = 0;
			defaultConfigurationName = Release;
		};
/* End XCConfigurationList section */
	};
	rootObject = 8F2B2C98299CECA900D4015A /* Project object */;
}
